// !$*UTF8*$!
{
	archiveVersion = 1;
	classes = {
	};
	objectVersion = 50;
	objects = {

/* Begin PBXBuildFile section */
		2D324633765B79BF363A841D /* libPods-LYFix.a in Frameworks */ = {isa = PBXBuildFile; fileRef = 637285A38C4532009A97E4C0 /* libPods-LYFix.a */; };
		5F518CE1210883CE008D4C5A /* AppDelegate.m in Sources */ = {isa = PBXBuildFile; fileRef = 5F518CE0210883CE008D4C5A /* AppDelegate.m */; };
		5F518CE4210883CE008D4C5A /* ViewController.m in Sources */ = {isa = PBXBuildFile; fileRef = 5F518CE3210883CE008D4C5A /* ViewController.m */; };
		5F518CE7210883CE008D4C5A /* Main.storyboard in Resources */ = {isa = PBXBuildFile; fileRef = 5F518CE5210883CE008D4C5A /* Main.storyboard */; };
		5F518CE9210883CF008D4C5A /* Assets.xcassets in Resources */ = {isa = PBXBuildFile; fileRef = 5F518CE8210883CF008D4C5A /* Assets.xcassets */; };
		5F518CEC210883CF008D4C5A /* LaunchScreen.storyboard in Resources */ = {isa = PBXBuildFile; fileRef = 5F518CEA210883CF008D4C5A /* LaunchScreen.storyboard */; };
		5F518CEF210883CF008D4C5A /* main.m in Sources */ = {isa = PBXBuildFile; fileRef = 5F518CEE210883CF008D4C5A /* main.m */; };
		5F518CF9210883CF008D4C5A /* LYFixTests.m in Sources */ = {isa = PBXBuildFile; fileRef = 5F518CF8210883CF008D4C5A /* LYFixTests.m */; };
		5F518D04210883CF008D4C5A /* LYFixUITests.m in Sources */ = {isa = PBXBuildFile; fileRef = 5F518D03210883CF008D4C5A /* LYFixUITests.m */; };
		5F518D5721088D95008D4C5A /* LYFix.m in Sources */ = {isa = PBXBuildFile; fileRef = 5F518D5621088D95008D4C5A /* LYFix.m */; };
		5F518D972109C4D9008D4C5A /* NSInvocation+LYAddtion.m in Sources */ = {isa = PBXBuildFile; fileRef = 5F518D962109C4D9008D4C5A /* NSInvocation+LYAddtion.m */; };
		5F8C2990210F2F74007A99C9 /* instanceMethodCrash.js in Resources */ = {isa = PBXBuildFile; fileRef = 5F8C2981210F2F73007A99C9 /* instanceMethodCrash.js */; };
		5F8C2991210F2F74007A99C9 /* runBeforeClassMethod.js in Resources */ = {isa = PBXBuildFile; fileRef = 5F8C2982210F2F73007A99C9 /* runBeforeClassMethod.js */; };
		5F8C2993210F2F74007A99C9 /* Test.js in Resources */ = {isa = PBXBuildFile; fileRef = 5F8C2984210F2F73007A99C9 /* Test.js */; };
		5F8C2995210F2F74007A99C9 /* runAfterInstanceMethod.js in Resources */ = {isa = PBXBuildFile; fileRef = 5F8C2986210F2F73007A99C9 /* runAfterInstanceMethod.js */; };
		5F8C2996210F2F74007A99C9 /* runBeforeInstanceMethod.js in Resources */ = {isa = PBXBuildFile; fileRef = 5F8C2987210F2F73007A99C9 /* runBeforeInstanceMethod.js */; };
		5F8C299C210F2F74007A99C9 /* calssMethodCrash.js in Resources */ = {isa = PBXBuildFile; fileRef = 5F8C298D210F2F73007A99C9 /* calssMethodCrash.js */; };
		5F8C299E210F2F74007A99C9 /* runAfterClassMethod.js in Resources */ = {isa = PBXBuildFile; fileRef = 5F8C298F210F2F73007A99C9 /* runAfterClassMethod.js */; };
		5F8C29A421100969007A99C9 /* runInsteadClassMethod.js in Resources */ = {isa = PBXBuildFile; fileRef = 5F8C29A221100969007A99C9 /* runInsteadClassMethod.js */; };
		5F8C29A521100969007A99C9 /* runInsteadInstanceMethod.js in Resources */ = {isa = PBXBuildFile; fileRef = 5F8C29A321100969007A99C9 /* runInsteadInstanceMethod.js */; };
		5F8C29BC2110320E007A99C9 /* LICENSE in Resources */ = {isa = PBXBuildFile; fileRef = 5F8C29B82110320E007A99C9 /* LICENSE */; };
		5F8C29BD2110320E007A99C9 /* README.md in Resources */ = {isa = PBXBuildFile; fileRef = 5F8C29BA2110320E007A99C9 /* README.md */; };
		5F8C29BE2110320E007A99C9 /* Aspects.m in Sources */ = {isa = PBXBuildFile; fileRef = 5F8C29BB2110320E007A99C9 /* Aspects.m */; };
		5F8C29C12110323D007A99C9 /* Test.m in Sources */ = {isa = PBXBuildFile; fileRef = 5F8C29C02110323D007A99C9 /* Test.m */; };
		5F8C29C4211036FC007A99C9 /* changePrames.js in Resources */ = {isa = PBXBuildFile; fileRef = 5F8C29C2211036FC007A99C9 /* changePrames.js */; };
		5F8C29C5211036FC007A99C9 /* changeReturnValue.js in Resources */ = {isa = PBXBuildFile; fileRef = 5F8C29C3211036FC007A99C9 /* changeReturnValue.js */; };
/* End PBXBuildFile section */

/* Begin PBXContainerItemProxy section */
		5F518CF5210883CF008D4C5A /* PBXContainerItemProxy */ = {
			isa = PBXContainerItemProxy;
			containerPortal = 5F518CD4210883CE008D4C5A /* Project object */;
			proxyType = 1;
			remoteGlobalIDString = 5F518CDB210883CE008D4C5A;
			remoteInfo = LYFix;
		};
		5F518D00210883CF008D4C5A /* PBXContainerItemProxy */ = {
			isa = PBXContainerItemProxy;
			containerPortal = 5F518CD4210883CE008D4C5A /* Project object */;
			proxyType = 1;
			remoteGlobalIDString = 5F518CDB210883CE008D4C5A;
			remoteInfo = LYFix;
		};
/* End PBXContainerItemProxy section */

/* Begin PBXFileReference section */
		5F518CDC210883CE008D4C5A /* LYFix.app */ = {isa = PBXFileReference; explicitFileType = wrapper.application; includeInIndex = 0; path = LYFix.app; sourceTree = BUILT_PRODUCTS_DIR; };
		5F518CDF210883CE008D4C5A /* AppDelegate.h */ = {isa = PBXFileReference; lastKnownFileType = sourcecode.c.h; path = AppDelegate.h; sourceTree = "<group>"; };
		5F518CE0210883CE008D4C5A /* AppDelegate.m */ = {isa = PBXFileReference; lastKnownFileType = sourcecode.c.objc; path = AppDelegate.m; sourceTree = "<group>"; };
		5F518CE2210883CE008D4C5A /* ViewController.h */ = {isa = PBXFileReference; lastKnownFileType = sourcecode.c.h; path = ViewController.h; sourceTree = "<group>"; };
		5F518CE3210883CE008D4C5A /* ViewController.m */ = {isa = PBXFileReference; lastKnownFileType = sourcecode.c.objc; path = ViewController.m; sourceTree = "<group>"; };
		5F518CE6210883CE008D4C5A /* Base */ = {isa = PBXFileReference; lastKnownFileType = file.storyboard; name = Base; path = Base.lproj/Main.storyboard; sourceTree = "<group>"; };
		5F518CE8210883CF008D4C5A /* Assets.xcassets */ = {isa = PBXFileReference; lastKnownFileType = folder.assetcatalog; path = Assets.xcassets; sourceTree = "<group>"; };
		5F518CEB210883CF008D4C5A /* Base */ = {isa = PBXFileReference; lastKnownFileType = file.storyboard; name = Base; path = Base.lproj/LaunchScreen.storyboard; sourceTree = "<group>"; };
		5F518CED210883CF008D4C5A /* Info.plist */ = {isa = PBXFileReference; lastKnownFileType = text.plist.xml; path = Info.plist; sourceTree = "<group>"; };
		5F518CEE210883CF008D4C5A /* main.m */ = {isa = PBXFileReference; lastKnownFileType = sourcecode.c.objc; path = main.m; sourceTree = "<group>"; };
		5F518CF4210883CF008D4C5A /* LYFixTests.xctest */ = {isa = PBXFileReference; explicitFileType = wrapper.cfbundle; includeInIndex = 0; path = LYFixTests.xctest; sourceTree = BUILT_PRODUCTS_DIR; };
		5F518CF8210883CF008D4C5A /* LYFixTests.m */ = {isa = PBXFileReference; lastKnownFileType = sourcecode.c.objc; path = LYFixTests.m; sourceTree = "<group>"; };
		5F518CFA210883CF008D4C5A /* Info.plist */ = {isa = PBXFileReference; lastKnownFileType = text.plist.xml; path = Info.plist; sourceTree = "<group>"; };
		5F518CFF210883CF008D4C5A /* LYFixUITests.xctest */ = {isa = PBXFileReference; explicitFileType = wrapper.cfbundle; includeInIndex = 0; path = LYFixUITests.xctest; sourceTree = BUILT_PRODUCTS_DIR; };
		5F518D03210883CF008D4C5A /* LYFixUITests.m */ = {isa = PBXFileReference; lastKnownFileType = sourcecode.c.objc; path = LYFixUITests.m; sourceTree = "<group>"; };
		5F518D05210883CF008D4C5A /* Info.plist */ = {isa = PBXFileReference; lastKnownFileType = text.plist.xml; path = Info.plist; sourceTree = "<group>"; };
		5F518D5521088D95008D4C5A /* LYFix.h */ = {isa = PBXFileReference; lastKnownFileType = sourcecode.c.h; path = LYFix.h; sourceTree = "<group>"; };
		5F518D5621088D95008D4C5A /* LYFix.m */ = {isa = PBXFileReference; lastKnownFileType = sourcecode.c.objc; path = LYFix.m; sourceTree = "<group>"; };
		5F518D952109C4D9008D4C5A /* NSInvocation+LYAddtion.h */ = {isa = PBXFileReference; lastKnownFileType = sourcecode.c.h; path = "NSInvocation+LYAddtion.h"; sourceTree = "<group>"; };
		5F518D962109C4D9008D4C5A /* NSInvocation+LYAddtion.m */ = {isa = PBXFileReference; lastKnownFileType = sourcecode.c.objc; path = "NSInvocation+LYAddtion.m"; sourceTree = "<group>"; };
		5F8C2981210F2F73007A99C9 /* instanceMethodCrash.js */ = {isa = PBXFileReference; fileEncoding = 4; lastKnownFileType = sourcecode.javascript; path = instanceMethodCrash.js; sourceTree = "<group>"; };
		5F8C2982210F2F73007A99C9 /* runBeforeClassMethod.js */ = {isa = PBXFileReference; fileEncoding = 4; lastKnownFileType = sourcecode.javascript; path = runBeforeClassMethod.js; sourceTree = "<group>"; };
		5F8C2984210F2F73007A99C9 /* Test.js */ = {isa = PBXFileReference; fileEncoding = 4; lastKnownFileType = sourcecode.javascript; path = Test.js; sourceTree = "<group>"; };
		5F8C2986210F2F73007A99C9 /* runAfterInstanceMethod.js */ = {isa = PBXFileReference; fileEncoding = 4; lastKnownFileType = sourcecode.javascript; path = runAfterInstanceMethod.js; sourceTree = "<group>"; };
		5F8C2987210F2F73007A99C9 /* runBeforeInstanceMethod.js */ = {isa = PBXFileReference; fileEncoding = 4; lastKnownFileType = sourcecode.javascript; path = runBeforeInstanceMethod.js; sourceTree = "<group>"; };
		5F8C298D210F2F73007A99C9 /* calssMethodCrash.js */ = {isa = PBXFileReference; fileEncoding = 4; lastKnownFileType = sourcecode.javascript; path = calssMethodCrash.js; sourceTree = "<group>"; };
		5F8C298F210F2F73007A99C9 /* runAfterClassMethod.js */ = {isa = PBXFileReference; fileEncoding = 4; lastKnownFileType = sourcecode.javascript; path = runAfterClassMethod.js; sourceTree = "<group>"; };
		5F8C29A221100969007A99C9 /* runInsteadClassMethod.js */ = {isa = PBXFileReference; fileEncoding = 4; lastKnownFileType = sourcecode.javascript; path = runInsteadClassMethod.js; sourceTree = "<group>"; };
		5F8C29A321100969007A99C9 /* runInsteadInstanceMethod.js */ = {isa = PBXFileReference; fileEncoding = 4; lastKnownFileType = sourcecode.javascript; path = runInsteadInstanceMethod.js; sourceTree = "<group>"; };
		5F8C29B82110320E007A99C9 /* LICENSE */ = {isa = PBXFileReference; fileEncoding = 4; lastKnownFileType = text; path = LICENSE; sourceTree = "<group>"; };
		5F8C29B92110320E007A99C9 /* Aspects.h */ = {isa = PBXFileReference; fileEncoding = 4; lastKnownFileType = sourcecode.c.h; path = Aspects.h; sourceTree = "<group>"; };
		5F8C29BA2110320E007A99C9 /* README.md */ = {isa = PBXFileReference; fileEncoding = 4; lastKnownFileType = net.daringfireball.markdown; path = README.md; sourceTree = "<group>"; };
		5F8C29BB2110320E007A99C9 /* Aspects.m */ = {isa = PBXFileReference; fileEncoding = 4; lastKnownFileType = sourcecode.c.objc; path = Aspects.m; sourceTree = "<group>"; };
		5F8C29BF2110323D007A99C9 /* Test.h */ = {isa = PBXFileReference; fileEncoding = 4; lastKnownFileType = sourcecode.c.h; path = Test.h; sourceTree = "<group>"; };
		5F8C29C02110323D007A99C9 /* Test.m */ = {isa = PBXFileReference; fileEncoding = 4; lastKnownFileType = sourcecode.c.objc; path = Test.m; sourceTree = "<group>"; };
		5F8C29C2211036FC007A99C9 /* changePrames.js */ = {isa = PBXFileReference; fileEncoding = 4; lastKnownFileType = sourcecode.javascript; path = changePrames.js; sourceTree = "<group>"; };
		5F8C29C3211036FC007A99C9 /* changeReturnValue.js */ = {isa = PBXFileReference; fileEncoding = 4; lastKnownFileType = sourcecode.javascript; path = changeReturnValue.js; sourceTree = "<group>"; };
		637285A38C4532009A97E4C0 /* libPods-LYFix.a */ = {isa = PBXFileReference; explicitFileType = archive.ar; includeInIndex = 0; path = "libPods-LYFix.a"; sourceTree = BUILT_PRODUCTS_DIR; };
		82E38880328684FFEBB5ADCD /* Pods-LYFix.debug.xcconfig */ = {isa = PBXFileReference; includeInIndex = 1; lastKnownFileType = text.xcconfig; name = "Pods-LYFix.debug.xcconfig"; path = "Pods/Target Support Files/Pods-LYFix/Pods-LYFix.debug.xcconfig"; sourceTree = "<group>"; };
		D06D0509EB31CA7AD27C6C85 /* Pods-LYFix.release.xcconfig */ = {isa = PBXFileReference; includeInIndex = 1; lastKnownFileType = text.xcconfig; name = "Pods-LYFix.release.xcconfig"; path = "Pods/Target Support Files/Pods-LYFix/Pods-LYFix.release.xcconfig"; sourceTree = "<group>"; };
/* End PBXFileReference section */

/* Begin PBXFrameworksBuildPhase section */
		5F518CD9210883CE008D4C5A /* Frameworks */ = {
			isa = PBXFrameworksBuildPhase;
			buildActionMask = 2147483647;
			files = (
				2D324633765B79BF363A841D /* libPods-LYFix.a in Frameworks */,
			);
			runOnlyForDeploymentPostprocessing = 0;
		};
		5F518CF1210883CF008D4C5A /* Frameworks */ = {
			isa = PBXFrameworksBuildPhase;
			buildActionMask = 2147483647;
			files = (
			);
			runOnlyForDeploymentPostprocessing = 0;
		};
		5F518CFC210883CF008D4C5A /* Frameworks */ = {
			isa = PBXFrameworksBuildPhase;
			buildActionMask = 2147483647;
			files = (
			);
			runOnlyForDeploymentPostprocessing = 0;
		};
/* End PBXFrameworksBuildPhase section */

/* Begin PBXGroup section */
		5F518CD3210883CE008D4C5A = {
			isa = PBXGroup;
			children = (
				5F518CDE210883CE008D4C5A /* LYFix */,
				5F518CF7210883CF008D4C5A /* LYFixTests */,
				5F518D02210883CF008D4C5A /* LYFixUITests */,
				5F518CDD210883CE008D4C5A /* Products */,
				BCB8DDBFBB7FDB7E4E90DABB /* Pods */,
				87E1CEA29764AF541A67AD10 /* Frameworks */,
			);
			sourceTree = "<group>";
		};
		5F518CDD210883CE008D4C5A /* Products */ = {
			isa = PBXGroup;
			children = (
				5F518CDC210883CE008D4C5A /* LYFix.app */,
				5F518CF4210883CF008D4C5A /* LYFixTests.xctest */,
				5F518CFF210883CF008D4C5A /* LYFixUITests.xctest */,
			);
			name = Products;
			sourceTree = "<group>";
		};
		5F518CDE210883CE008D4C5A /* LYFix */ = {
			isa = PBXGroup;
			children = (
				5F518CDF210883CE008D4C5A /* AppDelegate.h */,
				5F518CE0210883CE008D4C5A /* AppDelegate.m */,
				5F518CE2210883CE008D4C5A /* ViewController.h */,
				5F518CE3210883CE008D4C5A /* ViewController.m */,
				5F8C29B72110320E007A99C9 /* AspectsFix */,
				5F8C2980210F2F73007A99C9 /* JS */,
				5F518D952109C4D9008D4C5A /* NSInvocation+LYAddtion.h */,
				5F518D962109C4D9008D4C5A /* NSInvocation+LYAddtion.m */,
				5F518D5521088D95008D4C5A /* LYFix.h */,
				5F518D5621088D95008D4C5A /* LYFix.m */,
				5F8C29BF2110323D007A99C9 /* Test.h */,
				5F8C29C02110323D007A99C9 /* Test.m */,
				5F518CE5210883CE008D4C5A /* Main.storyboard */,
				5F518CE8210883CF008D4C5A /* Assets.xcassets */,
				5F518CEA210883CF008D4C5A /* LaunchScreen.storyboard */,
				5F518CED210883CF008D4C5A /* Info.plist */,
				5F518CEE210883CF008D4C5A /* main.m */,
			);
			path = LYFix;
			sourceTree = "<group>";
		};
		5F518CF7210883CF008D4C5A /* LYFixTests */ = {
			isa = PBXGroup;
			children = (
				5F518CF8210883CF008D4C5A /* LYFixTests.m */,
				5F518CFA210883CF008D4C5A /* Info.plist */,
			);
			path = LYFixTests;
			sourceTree = "<group>";
		};
		5F518D02210883CF008D4C5A /* LYFixUITests */ = {
			isa = PBXGroup;
			children = (
				5F518D03210883CF008D4C5A /* LYFixUITests.m */,
				5F518D05210883CF008D4C5A /* Info.plist */,
			);
			path = LYFixUITests;
			sourceTree = "<group>";
		};
		5F8C2980210F2F73007A99C9 /* JS */ = {
			isa = PBXGroup;
			children = (
				5F8C2984210F2F73007A99C9 /* Test.js */,
				5F8C2981210F2F73007A99C9 /* instanceMethodCrash.js */,
				5F8C298D210F2F73007A99C9 /* calssMethodCrash.js */,
				5F8C2982210F2F73007A99C9 /* runBeforeClassMethod.js */,
				5F8C2987210F2F73007A99C9 /* runBeforeInstanceMethod.js */,
				5F8C2986210F2F73007A99C9 /* runAfterInstanceMethod.js */,
				5F8C298F210F2F73007A99C9 /* runAfterClassMethod.js */,
				5F8C29A221100969007A99C9 /* runInsteadClassMethod.js */,
				5F8C29A321100969007A99C9 /* runInsteadInstanceMethod.js */,
				5F8C29C2211036FC007A99C9 /* changePrames.js */,
				5F8C29C3211036FC007A99C9 /* changeReturnValue.js */,
			);
			path = JS;
			sourceTree = "<group>";
		};
		5F8C29B72110320E007A99C9 /* AspectsFix */ = {
			isa = PBXGroup;
			children = (
				5F8C29B82110320E007A99C9 /* LICENSE */,
				5F8C29B92110320E007A99C9 /* Aspects.h */,
				5F8C29BA2110320E007A99C9 /* README.md */,
				5F8C29BB2110320E007A99C9 /* Aspects.m */,
			);
			path = AspectsFix;
			sourceTree = "<group>";
		};
		87E1CEA29764AF541A67AD10 /* Frameworks */ = {
			isa = PBXGroup;
			children = (
				637285A38C4532009A97E4C0 /* libPods-LYFix.a */,
			);
			name = Frameworks;
			sourceTree = "<group>";
		};
		BCB8DDBFBB7FDB7E4E90DABB /* Pods */ = {
			isa = PBXGroup;
			children = (
				82E38880328684FFEBB5ADCD /* Pods-LYFix.debug.xcconfig */,
				D06D0509EB31CA7AD27C6C85 /* Pods-LYFix.release.xcconfig */,
			);
			name = Pods;
			sourceTree = "<group>";
		};
/* End PBXGroup section */

/* Begin PBXNativeTarget section */
		5F518CDB210883CE008D4C5A /* LYFix */ = {
			isa = PBXNativeTarget;
			buildConfigurationList = 5F518D08210883CF008D4C5A /* Build configuration list for PBXNativeTarget "LYFix" */;
			buildPhases = (
				076DBDD7B323F94776C47026 /* [CP] Check Pods Manifest.lock */,
				5F518CD8210883CE008D4C5A /* Sources */,
				5F518CD9210883CE008D4C5A /* Frameworks */,
				5F518CDA210883CE008D4C5A /* Resources */,
			);
			buildRules = (
			);
			dependencies = (
			);
			name = LYFix;
			productName = LYFix;
			productReference = 5F518CDC210883CE008D4C5A /* LYFix.app */;
			productType = "com.apple.product-type.application";
		};
		5F518CF3210883CF008D4C5A /* LYFixTests */ = {
			isa = PBXNativeTarget;
			buildConfigurationList = 5F518D0B210883CF008D4C5A /* Build configuration list for PBXNativeTarget "LYFixTests" */;
			buildPhases = (
				5F518CF0210883CF008D4C5A /* Sources */,
				5F518CF1210883CF008D4C5A /* Frameworks */,
				5F518CF2210883CF008D4C5A /* Resources */,
			);
			buildRules = (
			);
			dependencies = (
				5F518CF6210883CF008D4C5A /* PBXTargetDependency */,
			);
			name = LYFixTests;
			productName = LYFixTests;
			productReference = 5F518CF4210883CF008D4C5A /* LYFixTests.xctest */;
			productType = "com.apple.product-type.bundle.unit-test";
		};
		5F518CFE210883CF008D4C5A /* LYFixUITests */ = {
			isa = PBXNativeTarget;
			buildConfigurationList = 5F518D0E210883CF008D4C5A /* Build configuration list for PBXNativeTarget "LYFixUITests" */;
			buildPhases = (
				5F518CFB210883CF008D4C5A /* Sources */,
				5F518CFC210883CF008D4C5A /* Frameworks */,
				5F518CFD210883CF008D4C5A /* Resources */,
			);
			buildRules = (
			);
			dependencies = (
				5F518D01210883CF008D4C5A /* PBXTargetDependency */,
			);
			name = LYFixUITests;
			productName = LYFixUITests;
			productReference = 5F518CFF210883CF008D4C5A /* LYFixUITests.xctest */;
			productType = "com.apple.product-type.bundle.ui-testing";
		};
/* End PBXNativeTarget section */

/* Begin PBXProject section */
		5F518CD4210883CE008D4C5A /* Project object */ = {
			isa = PBXProject;
			attributes = {
				LastUpgradeCheck = 0940;
				ORGANIZATIONNAME = Xly;
				TargetAttributes = {
					5F518CDB210883CE008D4C5A = {
						CreatedOnToolsVersion = 9.4;
					};
					5F518CF3210883CF008D4C5A = {
						CreatedOnToolsVersion = 9.4;
						TestTargetID = 5F518CDB210883CE008D4C5A;
					};
					5F518CFE210883CF008D4C5A = {
						CreatedOnToolsVersion = 9.4;
						TestTargetID = 5F518CDB210883CE008D4C5A;
					};
				};
			};
			buildConfigurationList = 5F518CD7210883CE008D4C5A /* Build configuration list for PBXProject "LYFix" */;
			compatibilityVersion = "Xcode 9.3";
			developmentRegion = en;
			hasScannedForEncodings = 0;
			knownRegions = (
				en,
				Base,
			);
			mainGroup = 5F518CD3210883CE008D4C5A;
			productRefGroup = 5F518CDD210883CE008D4C5A /* Products */;
			projectDirPath = "";
			projectRoot = "";
			targets = (
				5F518CDB210883CE008D4C5A /* LYFix */,
				5F518CF3210883CF008D4C5A /* LYFixTests */,
				5F518CFE210883CF008D4C5A /* LYFixUITests */,
			);
		};
/* End PBXProject section */

/* Begin PBXResourcesBuildPhase section */
		5F518CDA210883CE008D4C5A /* Resources */ = {
			isa = PBXResourcesBuildPhase;
			buildActionMask = 2147483647;
			files = (
				5F8C2993210F2F74007A99C9 /* Test.js in Resources */,
				5F8C29A521100969007A99C9 /* runInsteadInstanceMethod.js in Resources */,
				5F8C29C5211036FC007A99C9 /* changeReturnValue.js in Resources */,
				5F8C2990210F2F74007A99C9 /* instanceMethodCrash.js in Resources */,
				5F8C2995210F2F74007A99C9 /* runAfterInstanceMethod.js in Resources */,
				5F8C29A421100969007A99C9 /* runInsteadClassMethod.js in Resources */,
				5F8C299C210F2F74007A99C9 /* calssMethodCrash.js in Resources */,
				5F518CEC210883CF008D4C5A /* LaunchScreen.storyboard in Resources */,
				5F8C299E210F2F74007A99C9 /* runAfterClassMethod.js in Resources */,
				5F518CE9210883CF008D4C5A /* Assets.xcassets in Resources */,
				5F8C29BC2110320E007A99C9 /* LICENSE in Resources */,
				5F518CE7210883CE008D4C5A /* Main.storyboard in Resources */,
				5F8C29BD2110320E007A99C9 /* README.md in Resources */,
				5F8C29C4211036FC007A99C9 /* changePrames.js in Resources */,
				5F8C2991210F2F74007A99C9 /* runBeforeClassMethod.js in Resources */,
				5F8C2996210F2F74007A99C9 /* runBeforeInstanceMethod.js in Resources */,
			);
			runOnlyForDeploymentPostprocessing = 0;
		};
		5F518CF2210883CF008D4C5A /* Resources */ = {
			isa = PBXResourcesBuildPhase;
			buildActionMask = 2147483647;
			files = (
			);
			runOnlyForDeploymentPostprocessing = 0;
		};
		5F518CFD210883CF008D4C5A /* Resources */ = {
			isa = PBXResourcesBuildPhase;
			buildActionMask = 2147483647;
			files = (
			);
			runOnlyForDeploymentPostprocessing = 0;
		};
/* End PBXResourcesBuildPhase section */

/* Begin PBXShellScriptBuildPhase section */
		076DBDD7B323F94776C47026 /* [CP] Check Pods Manifest.lock */ = {
			isa = PBXShellScriptBuildPhase;
			buildActionMask = 2147483647;
			files = (
			);
			inputPaths = (
				"${PODS_PODFILE_DIR_PATH}/Podfile.lock",
				"${PODS_ROOT}/Manifest.lock",
			);
			name = "[CP] Check Pods Manifest.lock";
			outputPaths = (
				"$(DERIVED_FILE_DIR)/Pods-LYFix-checkManifestLockResult.txt",
			);
			runOnlyForDeploymentPostprocessing = 0;
			shellPath = /bin/sh;
			shellScript = "diff \"${PODS_PODFILE_DIR_PATH}/Podfile.lock\" \"${PODS_ROOT}/Manifest.lock\" > /dev/null\nif [ $? != 0 ] ; then\n    # print error to STDERR\n    echo \"error: The sandbox is not in sync with the Podfile.lock. Run 'pod install' or update your CocoaPods installation.\" >&2\n    exit 1\nfi\n# This output is used by Xcode 'outputs' to avoid re-running this script phase.\necho \"SUCCESS\" > \"${SCRIPT_OUTPUT_FILE_0}\"\n";
			showEnvVarsInLog = 0;
		};
/* End PBXShellScriptBuildPhase section */

/* Begin PBXSourcesBuildPhase section */
		5F518CD8210883CE008D4C5A /* Sources */ = {
			isa = PBXSourcesBuildPhase;
			buildActionMask = 2147483647;
			files = (
				5F8C29C12110323D007A99C9 /* Test.m in Sources */,
				5F518D972109C4D9008D4C5A /* NSInvocation+LYAddtion.m in Sources */,
				5F518CE4210883CE008D4C5A /* ViewController.m in Sources */,
				5F518CEF210883CF008D4C5A /* main.m in Sources */,
				5F8C29BE2110320E007A99C9 /* Aspects.m in Sources */,
				5F518D5721088D95008D4C5A /* LYFix.m in Sources */,
				5F518CE1210883CE008D4C5A /* AppDelegate.m in Sources */,
			);
			runOnlyForDeploymentPostprocessing = 0;
		};
		5F518CF0210883CF008D4C5A /* Sources */ = {
			isa = PBXSourcesBuildPhase;
			buildActionMask = 2147483647;
			files = (
				5F518CF9210883CF008D4C5A /* LYFixTests.m in Sources */,
			);
			runOnlyForDeploymentPostprocessing = 0;
		};
		5F518CFB210883CF008D4C5A /* Sources */ = {
			isa = PBXSourcesBuildPhase;
			buildActionMask = 2147483647;
			files = (
				5F518D04210883CF008D4C5A /* LYFixUITests.m in Sources */,
			);
			runOnlyForDeploymentPostprocessing = 0;
		};
/* End PBXSourcesBuildPhase section */

/* Begin PBXTargetDependency section */
		5F518CF6210883CF008D4C5A /* PBXTargetDependency */ = {
			isa = PBXTargetDependency;
			target = 5F518CDB210883CE008D4C5A /* LYFix */;
			targetProxy = 5F518CF5210883CF008D4C5A /* PBXContainerItemProxy */;
		};
		5F518D01210883CF008D4C5A /* PBXTargetDependency */ = {
			isa = PBXTargetDependency;
			target = 5F518CDB210883CE008D4C5A /* LYFix */;
			targetProxy = 5F518D00210883CF008D4C5A /* PBXContainerItemProxy */;
		};
/* End PBXTargetDependency section */

/* Begin PBXVariantGroup section */
		5F518CE5210883CE008D4C5A /* Main.storyboard */ = {
			isa = PBXVariantGroup;
			children = (
				5F518CE6210883CE008D4C5A /* Base */,
			);
			name = Main.storyboard;
			sourceTree = "<group>";
		};
		5F518CEA210883CF008D4C5A /* LaunchScreen.storyboard */ = {
			isa = PBXVariantGroup;
			children = (
				5F518CEB210883CF008D4C5A /* Base */,
			);
			name = LaunchScreen.storyboard;
			sourceTree = "<group>";
		};
/* End PBXVariantGroup section */

/* Begin XCBuildConfiguration section */
		5F518D06210883CF008D4C5A /* Debug */ = {
			isa = XCBuildConfiguration;
			buildSettings = {
				ALWAYS_SEARCH_USER_PATHS = NO;
				CLANG_ANALYZER_NONNULL = YES;
				CLANG_ANALYZER_NUMBER_OBJECT_CONVERSION = YES_AGGRESSIVE;
				CLANG_CXX_LANGUAGE_STANDARD = "gnu++14";
				CLANG_CXX_LIBRARY = "libc++";
				CLANG_ENABLE_MODULES = YES;
				CLANG_ENABLE_OBJC_ARC = YES;
				CLANG_ENABLE_OBJC_WEAK = YES;
				CLANG_WARN_BLOCK_CAPTURE_AUTORELEASING = YES;
				CLANG_WARN_BOOL_CONVERSION = YES;
				CLANG_WARN_COMMA = YES;
				CLANG_WARN_CONSTANT_CONVERSION = YES;
				CLANG_WARN_DEPRECATED_OBJC_IMPLEMENTATIONS = YES;
				CLANG_WARN_DIRECT_OBJC_ISA_USAGE = YES_ERROR;
				CLANG_WARN_DOCUMENTATION_COMMENTS = YES;
				CLANG_WARN_EMPTY_BODY = YES;
				CLANG_WARN_ENUM_CONVERSION = YES;
				CLANG_WARN_INFINITE_RECURSION = YES;
				CLANG_WARN_INT_CONVERSION = YES;
				CLANG_WARN_NON_LITERAL_NULL_CONVERSION = YES;
				CLANG_WARN_OBJC_IMPLICIT_RETAIN_SELF = YES;
				CLANG_WARN_OBJC_LITERAL_CONVERSION = YES;
				CLANG_WARN_OBJC_ROOT_CLASS = YES_ERROR;
				CLANG_WARN_RANGE_LOOP_ANALYSIS = YES;
				CLANG_WARN_STRICT_PROTOTYPES = YES;
				CLANG_WARN_SUSPICIOUS_MOVE = YES;
				CLANG_WARN_UNGUARDED_AVAILABILITY = YES_AGGRESSIVE;
				CLANG_WARN_UNREACHABLE_CODE = YES;
				CLANG_WARN__DUPLICATE_METHOD_MATCH = YES;
				CODE_SIGN_IDENTITY = "iPhone Developer";
				COPY_PHASE_STRIP = NO;
				DEBUG_INFORMATION_FORMAT = dwarf;
				ENABLE_STRICT_OBJC_MSGSEND = YES;
				ENABLE_TESTABILITY = YES;
				GCC_C_LANGUAGE_STANDARD = gnu11;
				GCC_DYNAMIC_NO_PIC = NO;
				GCC_NO_COMMON_BLOCKS = YES;
				GCC_OPTIMIZATION_LEVEL = 0;
				GCC_PREPROCESSOR_DEFINITIONS = (
					"DEBUG=1",
					"$(inherited)",
				);
				GCC_WARN_64_TO_32_BIT_CONVERSION = YES;
				GCC_WARN_ABOUT_RETURN_TYPE = YES_ERROR;
				GCC_WARN_UNDECLARED_SELECTOR = YES;
				GCC_WARN_UNINITIALIZED_AUTOS = YES_AGGRESSIVE;
				GCC_WARN_UNUSED_FUNCTION = YES;
				GCC_WARN_UNUSED_VARIABLE = YES;
				IPHONEOS_DEPLOYMENT_TARGET = 11.4;
				MTL_ENABLE_DEBUG_INFO = YES;
				ONLY_ACTIVE_ARCH = YES;
				SDKROOT = iphoneos;
			};
			name = Debug;
		};
		5F518D07210883CF008D4C5A /* Release */ = {
			isa = XCBuildConfiguration;
			buildSettings = {
				ALWAYS_SEARCH_USER_PATHS = NO;
				CLANG_ANALYZER_NONNULL = YES;
				CLANG_ANALYZER_NUMBER_OBJECT_CONVERSION = YES_AGGRESSIVE;
				CLANG_CXX_LANGUAGE_STANDARD = "gnu++14";
				CLANG_CXX_LIBRARY = "libc++";
				CLANG_ENABLE_MODULES = YES;
				CLANG_ENABLE_OBJC_ARC = YES;
				CLANG_ENABLE_OBJC_WEAK = YES;
				CLANG_WARN_BLOCK_CAPTURE_AUTORELEASING = YES;
				CLANG_WARN_BOOL_CONVERSION = YES;
				CLANG_WARN_COMMA = YES;
				CLANG_WARN_CONSTANT_CONVERSION = YES;
				CLANG_WARN_DEPRECATED_OBJC_IMPLEMENTATIONS = YES;
				CLANG_WARN_DIRECT_OBJC_ISA_USAGE = YES_ERROR;
				CLANG_WARN_DOCUMENTATION_COMMENTS = YES;
				CLANG_WARN_EMPTY_BODY = YES;
				CLANG_WARN_ENUM_CONVERSION = YES;
				CLANG_WARN_INFINITE_RECURSION = YES;
				CLANG_WARN_INT_CONVERSION = YES;
				CLANG_WARN_NON_LITERAL_NULL_CONVERSION = YES;
				CLANG_WARN_OBJC_IMPLICIT_RETAIN_SELF = YES;
				CLANG_WARN_OBJC_LITERAL_CONVERSION = YES;
				CLANG_WARN_OBJC_ROOT_CLASS = YES_ERROR;
				CLANG_WARN_RANGE_LOOP_ANALYSIS = YES;
				CLANG_WARN_STRICT_PROTOTYPES = YES;
				CLANG_WARN_SUSPICIOUS_MOVE = YES;
				CLANG_WARN_UNGUARDED_AVAILABILITY = YES_AGGRESSIVE;
				CLANG_WARN_UNREACHABLE_CODE = YES;
				CLANG_WARN__DUPLICATE_METHOD_MATCH = YES;
				CODE_SIGN_IDENTITY = "iPhone Developer";
				COPY_PHASE_STRIP = NO;
				DEBUG_INFORMATION_FORMAT = "dwarf-with-dsym";
				ENABLE_NS_ASSERTIONS = NO;
				ENABLE_STRICT_OBJC_MSGSEND = YES;
				GCC_C_LANGUAGE_STANDARD = gnu11;
				GCC_NO_COMMON_BLOCKS = YES;
				GCC_WARN_64_TO_32_BIT_CONVERSION = YES;
				GCC_WARN_ABOUT_RETURN_TYPE = YES_ERROR;
				GCC_WARN_UNDECLARED_SELECTOR = YES;
				GCC_WARN_UNINITIALIZED_AUTOS = YES_AGGRESSIVE;
				GCC_WARN_UNUSED_FUNCTION = YES;
				GCC_WARN_UNUSED_VARIABLE = YES;
				IPHONEOS_DEPLOYMENT_TARGET = 11.4;
				MTL_ENABLE_DEBUG_INFO = NO;
				SDKROOT = iphoneos;
				VALIDATE_PRODUCT = YES;
			};
			name = Release;
		};
		5F518D09210883CF008D4C5A /* Debug */ = {
			isa = XCBuildConfiguration;
			baseConfigurationReference = 82E38880328684FFEBB5ADCD /* Pods-LYFix.debug.xcconfig */;
			buildSettings = {
				ASSETCATALOG_COMPILER_APPICON_NAME = AppIcon;
				CODE_SIGN_STYLE = Automatic;
				INFOPLIST_FILE = LYFix/Info.plist;
				LD_RUNPATH_SEARCH_PATHS = (
					"$(inherited)",
					"@executable_path/Frameworks",
				);
				PRODUCT_BUNDLE_IDENTIFIER = xly.LYFix;
				PRODUCT_NAME = "$(TARGET_NAME)";
				TARGETED_DEVICE_FAMILY = "1,2";
			};
			name = Debug;
		};
		5F518D0A210883CF008D4C5A /* Release */ = {
			isa = XCBuildConfiguration;
			baseConfigurationReference = D06D0509EB31CA7AD27C6C85 /* Pods-LYFix.release.xcconfig */;
			buildSettings = {
				ASSETCATALOG_COMPILER_APPICON_NAME = AppIcon;
				CODE_SIGN_STYLE = Automatic;
				INFOPLIST_FILE = LYFix/Info.plist;
				LD_RUNPATH_SEARCH_PATHS = (
					"$(inherited)",
					"@executable_path/Frameworks",
				);
				PRODUCT_BUNDLE_IDENTIFIER = xly.LYFix;
				PRODUCT_NAME = "$(TARGET_NAME)";
				TARGETED_DEVICE_FAMILY = "1,2";
			};
			name = Release;
		};
		5F518D0C210883CF008D4C5A /* Debug */ = {
			isa = XCBuildConfiguration;
			buildSettings = {
				BUNDLE_LOADER = "$(TEST_HOST)";
				CODE_SIGN_STYLE = Automatic;
				INFOPLIST_FILE = LYFixTests/Info.plist;
				LD_RUNPATH_SEARCH_PATHS = (
					"$(inherited)",
					"@executable_path/Frameworks",
					"@loader_path/Frameworks",
				);
				PRODUCT_BUNDLE_IDENTIFIER = xly.LYFixTests;
				PRODUCT_NAME = "$(TARGET_NAME)";
				TARGETED_DEVICE_FAMILY = "1,2";
				TEST_HOST = "$(BUILT_PRODUCTS_DIR)/LYFix.app/LYFix";
			};
			name = Debug;
		};
		5F518D0D210883CF008D4C5A /* Release */ = {
			isa = XCBuildConfiguration;
			buildSettings = {
				BUNDLE_LOADER = "$(TEST_HOST)";
				CODE_SIGN_STYLE = Automatic;
				INFOPLIST_FILE = LYFixTests/Info.plist;
				LD_RUNPATH_SEARCH_PATHS = (
					"$(inherited)",
					"@executable_path/Frameworks",
					"@loader_path/Frameworks",
				);
				PRODUCT_BUNDLE_IDENTIFIER = xly.LYFixTests;
				PRODUCT_NAME = "$(TARGET_NAME)";
				TARGETED_DEVICE_FAMILY = "1,2";
				TEST_HOST = "$(BUILT_PRODUCTS_DIR)/LYFix.app/LYFix";
			};
			name = Release;
		};
		5F518D0F210883CF008D4C5A /* Debug */ = {
			isa = XCBuildConfiguration;
			buildSettings = {
				CODE_SIGN_STYLE = Automatic;
				INFOPLIST_FILE = LYFixUITests/Info.plist;
				LD_RUNPATH_SEARCH_PATHS = (
					"$(inherited)",
					"@executable_path/Frameworks",
					"@loader_path/Frameworks",
				);
				PRODUCT_BUNDLE_IDENTIFIER = xly.LYFixUITests;
				PRODUCT_NAME = "$(TARGET_NAME)";
				TARGETED_DEVICE_FAMILY = "1,2";
				TEST_TARGET_NAME = LYFix;
			};
			name = Debug;
		};
		5F518D10210883CF008D4C5A /* Release */ = {
			isa = XCBuildConfiguration;
			buildSettings = {
				CODE_SIGN_STYLE = Automatic;
				INFOPLIST_FILE = LYFixUITests/Info.plist;
				LD_RUNPATH_SEARCH_PATHS = (
					"$(inherited)",
					"@executable_path/Frameworks",
					"@loader_path/Frameworks",
				);
				PRODUCT_BUNDLE_IDENTIFIER = xly.LYFixUITests;
				PRODUCT_NAME = "$(TARGET_NAME)";
				TARGETED_DEVICE_FAMILY = "1,2";
				TEST_TARGET_NAME = LYFix;
			};
			name = Release;
		};
/* End XCBuildConfiguration section */

/* Begin XCConfigurationList section */
		5F518CD7210883CE008D4C5A /* Build configuration list for PBXProject "LYFix" */ = {
			isa = XCConfigurationList;
			buildConfigurations = (
				5F518D06210883CF008D4C5A /* Debug */,
				5F518D07210883CF008D4C5A /* Release */,
			);
			defaultConfigurationIsVisible = 0;
			defaultConfigurationName = Release;
		};
		5F518D08210883CF008D4C5A /* Build configuration list for PBXNativeTarget "LYFix" */ = {
			isa = XCConfigurationList;
			buildConfigurations = (
				5F518D09210883CF008D4C5A /* Debug */,
				5F518D0A210883CF008D4C5A /* Release */,
			);
			defaultConfigurationIsVisible = 0;
			defaultConfigurationName = Release;
		};
		5F518D0B210883CF008D4C5A /* Build configuration list for PBXNativeTarget "LYFixTests" */ = {
			isa = XCConfigurationList;
			buildConfigurations = (
				5F518D0C210883CF008D4C5A /* Debug */,
				5F518D0D210883CF008D4C5A /* Release */,
			);
			defaultConfigurationIsVisible = 0;
			defaultConfigurationName = Release;
		};
		5F518D0E210883CF008D4C5A /* Build configuration list for PBXNativeTarget "LYFixUITests" */ = {
			isa = XCConfigurationList;
			buildConfigurations = (
				5F518D0F210883CF008D4C5A /* Debug */,
				5F518D10210883CF008D4C5A /* Release */,
			);
			defaultConfigurationIsVisible = 0;
			defaultConfigurationName = Release;
		};
/* End XCConfigurationList section */
	};
	rootObject = 5F518CD4210883CE008D4C5A /* Project object */;
}
